
Microsoft Visual Studio Solution File, Format Version 12.00
# Visual Studio Version 17
VisualStudioVersion = 17.2.32616.157
MinimumVisualStudioVersion = 10.0.40219.1
Project("{9A19103F-16F7-4668-BE54-9A1E7A4F7556}") = "PieShop", "PieShop\PieShop.csproj", "{74169EAC-1DDA-424E-862F-9DBCA752AFE8}"
EndProject
Project("{9A19103F-16F7-4668-BE54-9A1E7A4F7556}") = "PieShopTest", "PieShopTest\PieShopTest.csproj", "{10497BDC-2263-4AE4-97E8-4E0954C1708F}"
EndProject
Global
	GlobalSection(SolutionConfigurationPlatforms) = preSolution
		Debug|Any CPU = Debug|Any CPU
		Release|Any CPU = Release|Any CPU
	EndGlobalSection
	GlobalSection(ProjectConfigurationPlatforms) = postSolution
		{74169EAC-1DDA-424E-862F-9DBCA752AFE8}.Debug|Any CPU.ActiveCfg = Debug|Any CPU
		{74169EAC-1DDA-424E-862F-9DBCA752AFE8}.Debug|Any CPU.Build.0 = Debug|Any CPU
		{74169EAC-1DDA-424E-862F-9DBCA752AFE8}.Release|Any CPU.ActiveCfg = Release|Any CPU
		{74169EAC-1DDA-424E-862F-9DBCA752AFE8}.Release|Any CPU.Build.0 = Release|Any CPU
		{10497BDC-2263-4AE4-97E8-4E0954C1708F}.Debug|Any CPU.ActiveCfg = Debug|Any CPU
		{10497BDC-2263-4AE4-97E8-4E0954C1708F}.Debug|Any CPU.Build.0 = Debug|Any CPU
		{10497BDC-2263-4AE4-97E8-4E0954C1708F}.Release|Any CPU.ActiveCfg = Release|Any CPU
		{10497BDC-2263-4AE4-97E8-4E0954C1708F}.Release|Any CPU.Build.0 = Release|Any CPU
	EndGlobalSection
	GlobalSection(SolutionProperties) = preSolution
		HideSolutionNode = FALSE
	EndGlobalSection
	GlobalSection(ExtensibilityGlobals) = postSolution
		SolutionGuid = {86431B3D-2E7C-4D10-A0B8-C017C6C0FCFB}
	EndGlobalSection
EndGlobal
